
Microsoft Visual Studio Solution File, Format Version 12.00
# Visual Studio Express 2012 for Web
Project("{E24C65DC-7377-472B-9ABA-BC803B73C61A}") = "WCVcsharp", "http://localhost:51085", "{D7C2BA28-83F2-48BE-B6E8-E2FECF2852FB}"
	ProjectSection(WebsiteProperties) = preProject
		UseIISExpress = "true"
		TargetFrameworkMoniker = ".NETFramework,Version%3Dv4.5"
		Debug.AspNetCompiler.VirtualPath = "/localhost_51085"
		Debug.AspNetCompiler.PhysicalPath = "..\..\..\GitHub\WCVcsharp\"
		Debug.AspNetCompiler.TargetPath = "PrecompiledWeb\localhost_51085\"
		Debug.AspNetCompiler.Updateable = "true"
		Debug.AspNetCompiler.ForceOverwrite = "true"
		Debug.AspNetCompiler.FixedNames = "false"
		Debug.AspNetCompiler.Debug = "True"
		Release.AspNetCompiler.VirtualPath = "/localhost_51085"
		Release.AspNetCompiler.PhysicalPath = "..\..\..\GitHub\WCVcsharp\"
		Release.AspNetCompiler.TargetPath = "PrecompiledWeb\localhost_51085\"
		Release.AspNetCompiler.Updateable = "true"
		Release.AspNetCompiler.ForceOverwrite = "true"
		Release.AspNetCompiler.FixedNames = "false"
		Release.AspNetCompiler.Debug = "False"
		SlnRelativePath = "..\..\..\GitHub\WCVcsharp\"
		DefaultWebSiteLanguage = "Visual C#"
	EndProjectSection
EndProject
Global
	GlobalSection(SolutionConfigurationPlatforms) = preSolution
		Debug|Any CPU = Debug|Any CPU
	EndGlobalSection
	GlobalSection(ProjectConfigurationPlatforms) = postSolution
		{D7C2BA28-83F2-48BE-B6E8-E2FECF2852FB}.Debug|Any CPU.ActiveCfg = Debug|Any CPU
		{D7C2BA28-83F2-48BE-B6E8-E2FECF2852FB}.Debug|Any CPU.Build.0 = Debug|Any CPU
	EndGlobalSection
	GlobalSection(SolutionProperties) = preSolution
		HideSolutionNode = FALSE
	EndGlobalSection
EndGlobal
